// !$*UTF8*$!
{
	archiveVersion = 1;
	classes = {
	};
	objectVersion = 55;
	objects = {

/* Begin PBXBuildFile section */
		8B36E18628572FEA000BD791 /* AppDelegate.swift in Sources */ = {isa = PBXBuildFile; fileRef = 8B36E18528572FEA000BD791 /* AppDelegate.swift */; };
		8B36E18828572FEA000BD791 /* SceneDelegate.swift in Sources */ = {isa = PBXBuildFile; fileRef = 8B36E18728572FEA000BD791 /* SceneDelegate.swift */; };
		8B36E18A28572FEA000BD791 /* MainViewController.swift in Sources */ = {isa = PBXBuildFile; fileRef = 8B36E18928572FEA000BD791 /* MainViewController.swift */; };
		8B36E18F28572FEB000BD791 /* Assets.xcassets in Resources */ = {isa = PBXBuildFile; fileRef = 8B36E18E28572FEB000BD791 /* Assets.xcassets */; };
		8B36E19228572FEB000BD791 /* LaunchScreen.storyboard in Resources */ = {isa = PBXBuildFile; fileRef = 8B36E19028572FEB000BD791 /* LaunchScreen.storyboard */; };
		8B70D6DB285B977700EC841B /* ShareManager.swift in Sources */ = {isa = PBXBuildFile; fileRef = 8B70D6DA285B977700EC841B /* ShareManager.swift */; };
		8B70D6DE285B9DAE00EC841B /* PresentViewProtocol.swift in Sources */ = {isa = PBXBuildFile; fileRef = 8B70D6DD285B9DAE00EC841B /* PresentViewProtocol.swift */; };
		8B70D6E0285B9DD400EC841B /* WebViewProtocol.swift in Sources */ = {isa = PBXBuildFile; fileRef = 8B70D6DF285B9DD400EC841B /* WebViewProtocol.swift */; };
		8B70D6E2285B9DF900EC841B /* WebViewPresenterProtocol.swift in Sources */ = {isa = PBXBuildFile; fileRef = 8B70D6E1285B9DF900EC841B /* WebViewPresenterProtocol.swift */; };
		8BC6DCD2285745270046995E /* CameraManager.swift in Sources */ = {isa = PBXBuildFile; fileRef = 8BC6DCD1285745270046995E /* CameraManager.swift */; };
		8BC6DCD428574FD10046995E /* QrHandler.swift in Sources */ = {isa = PBXBuildFile; fileRef = 8BC6DCD328574FD10046995E /* QrHandler.swift */; };
		8BC6DCD628575D610046995E /* MainPresenter.swift in Sources */ = {isa = PBXBuildFile; fileRef = 8BC6DCD528575D610046995E /* MainPresenter.swift */; };
		8BC6DCD9285782FB0046995E /* ModuleBuilder.swift in Sources */ = {isa = PBXBuildFile; fileRef = 8BC6DCD8285782FB0046995E /* ModuleBuilder.swift */; };
		8BF216762857A21700B4ADE0 /* UIView+Ext.swift in Sources */ = {isa = PBXBuildFile; fileRef = 8BF216752857A21700B4ADE0 /* UIView+Ext.swift */; };
		8BF216782857A34400B4ADE0 /* UILabel+Ext.swift in Sources */ = {isa = PBXBuildFile; fileRef = 8BF216772857A34400B4ADE0 /* UILabel+Ext.swift */; };
		8BF2167A2857BB9200B4ADE0 /* UIImageView+Ext.swift in Sources */ = {isa = PBXBuildFile; fileRef = 8BF216792857BB9200B4ADE0 /* UIImageView+Ext.swift */; };
		8BF2167D2857C13A00B4ADE0 /* UpdateValueProtocol.swift in Sources */ = {isa = PBXBuildFile; fileRef = 8BF2167C2857C13A00B4ADE0 /* UpdateValueProtocol.swift */; };
		8BF2167F2857C17500B4ADE0 /* MainViewPresenterProtocol.swift in Sources */ = {isa = PBXBuildFile; fileRef = 8BF2167E2857C17500B4ADE0 /* MainViewPresenterProtocol.swift */; };
		8BF216812857C18900B4ADE0 /* MainViewProtocol.swift in Sources */ = {isa = PBXBuildFile; fileRef = 8BF216802857C18900B4ADE0 /* MainViewProtocol.swift */; };
		8BF216852859AFF500B4ADE0 /* WebPresenter.swift in Sources */ = {isa = PBXBuildFile; fileRef = 8BF216842859AFF500B4ADE0 /* WebPresenter.swift */; };
		8BF216872859B24A00B4ADE0 /* WebViewController.swift in Sources */ = {isa = PBXBuildFile; fileRef = 8BF216862859B24A00B4ADE0 /* WebViewController.swift */; };
/* End PBXBuildFile section */

/* Begin PBXFileReference section */
		8B36E18228572FEA000BD791 /* QRScanner.app */ = {isa = PBXFileReference; explicitFileType = wrapper.application; includeInIndex = 0; path = QRScanner.app; sourceTree = BUILT_PRODUCTS_DIR; };
		8B36E18528572FEA000BD791 /* AppDelegate.swift */ = {isa = PBXFileReference; lastKnownFileType = sourcecode.swift; path = AppDelegate.swift; sourceTree = "<group>"; };
		8B36E18728572FEA000BD791 /* SceneDelegate.swift */ = {isa = PBXFileReference; lastKnownFileType = sourcecode.swift; path = SceneDelegate.swift; sourceTree = "<group>"; };
		8B36E18928572FEA000BD791 /* MainViewController.swift */ = {isa = PBXFileReference; lastKnownFileType = sourcecode.swift; path = MainViewController.swift; sourceTree = "<group>"; };
		8B36E18E28572FEB000BD791 /* Assets.xcassets */ = {isa = PBXFileReference; lastKnownFileType = folder.assetcatalog; path = Assets.xcassets; sourceTree = "<group>"; };
		8B36E19128572FEB000BD791 /* Base */ = {isa = PBXFileReference; lastKnownFileType = file.storyboard; name = Base; path = Base.lproj/LaunchScreen.storyboard; sourceTree = "<group>"; };
		8B36E19328572FEB000BD791 /* Info.plist */ = {isa = PBXFileReference; lastKnownFileType = text.plist.xml; path = Info.plist; sourceTree = "<group>"; };
		8B70D6DA285B977700EC841B /* ShareManager.swift */ = {isa = PBXFileReference; lastKnownFileType = sourcecode.swift; path = ShareManager.swift; sourceTree = "<group>"; };
		8B70D6DD285B9DAE00EC841B /* PresentViewProtocol.swift */ = {isa = PBXFileReference; lastKnownFileType = sourcecode.swift; path = PresentViewProtocol.swift; sourceTree = "<group>"; };
		8B70D6DF285B9DD400EC841B /* WebViewProtocol.swift */ = {isa = PBXFileReference; lastKnownFileType = sourcecode.swift; path = WebViewProtocol.swift; sourceTree = "<group>"; };
		8B70D6E1285B9DF900EC841B /* WebViewPresenterProtocol.swift */ = {isa = PBXFileReference; lastKnownFileType = sourcecode.swift; path = WebViewPresenterProtocol.swift; sourceTree = "<group>"; };
		8BC6DCD1285745270046995E /* CameraManager.swift */ = {isa = PBXFileReference; lastKnownFileType = sourcecode.swift; path = CameraManager.swift; sourceTree = "<group>"; };
		8BC6DCD328574FD10046995E /* QrHandler.swift */ = {isa = PBXFileReference; lastKnownFileType = sourcecode.swift; path = QrHandler.swift; sourceTree = "<group>"; };
		8BC6DCD528575D610046995E /* MainPresenter.swift */ = {isa = PBXFileReference; lastKnownFileType = sourcecode.swift; path = MainPresenter.swift; sourceTree = "<group>"; };
		8BC6DCD8285782FB0046995E /* ModuleBuilder.swift */ = {isa = PBXFileReference; lastKnownFileType = sourcecode.swift; path = ModuleBuilder.swift; sourceTree = "<group>"; };
		8BF216752857A21700B4ADE0 /* UIView+Ext.swift */ = {isa = PBXFileReference; lastKnownFileType = sourcecode.swift; path = "UIView+Ext.swift"; sourceTree = "<group>"; };
		8BF216772857A34400B4ADE0 /* UILabel+Ext.swift */ = {isa = PBXFileReference; lastKnownFileType = sourcecode.swift; path = "UILabel+Ext.swift"; sourceTree = "<group>"; };
		8BF216792857BB9200B4ADE0 /* UIImageView+Ext.swift */ = {isa = PBXFileReference; lastKnownFileType = sourcecode.swift; path = "UIImageView+Ext.swift"; sourceTree = "<group>"; };
		8BF2167C2857C13A00B4ADE0 /* UpdateValueProtocol.swift */ = {isa = PBXFileReference; lastKnownFileType = sourcecode.swift; path = UpdateValueProtocol.swift; sourceTree = "<group>"; };
		8BF2167E2857C17500B4ADE0 /* MainViewPresenterProtocol.swift */ = {isa = PBXFileReference; lastKnownFileType = sourcecode.swift; path = MainViewPresenterProtocol.swift; sourceTree = "<group>"; };
		8BF216802857C18900B4ADE0 /* MainViewProtocol.swift */ = {isa = PBXFileReference; lastKnownFileType = sourcecode.swift; path = MainViewProtocol.swift; sourceTree = "<group>"; };
		8BF216842859AFF500B4ADE0 /* WebPresenter.swift */ = {isa = PBXFileReference; lastKnownFileType = sourcecode.swift; path = WebPresenter.swift; sourceTree = "<group>"; };
		8BF216862859B24A00B4ADE0 /* WebViewController.swift */ = {isa = PBXFileReference; lastKnownFileType = sourcecode.swift; path = WebViewController.swift; sourceTree = "<group>"; };
/* End PBXFileReference section */

/* Begin PBXFrameworksBuildPhase section */
		8B36E17F28572FEA000BD791 /* Frameworks */ = {
			isa = PBXFrameworksBuildPhase;
			buildActionMask = 2147483647;
			files = (
			);
			runOnlyForDeploymentPostprocessing = 0;
		};
/* End PBXFrameworksBuildPhase section */

/* Begin PBXGroup section */
		8B36E17928572FEA000BD791 = {
			isa = PBXGroup;
			children = (
				8B36E18428572FEA000BD791 /* QRScanner */,
				8B36E18328572FEA000BD791 /* Products */,
			);
			sourceTree = "<group>";
		};
		8B36E18328572FEA000BD791 /* Products */ = {
			isa = PBXGroup;
			children = (
				8B36E18228572FEA000BD791 /* QRScanner.app */,
			);
			name = Products;
			sourceTree = "<group>";
		};
		8B36E18428572FEA000BD791 /* QRScanner */ = {
			isa = PBXGroup;
			children = (
				8BF216742857A1F800B4ADE0 /* Extensions */,
				8BC6DCCE28573F970046995E /* App */,
				8BC6DCD8285782FB0046995E /* ModuleBuilder.swift */,
				8BC6DCD7285782830046995E /* MainModule */,
				8BF216822858FF3200B4ADE0 /* WebModule */,
				8B36E18E28572FEB000BD791 /* Assets.xcassets */,
				8B36E19028572FEB000BD791 /* LaunchScreen.storyboard */,
				8B36E19328572FEB000BD791 /* Info.plist */,
			);
			path = QRScanner;
			sourceTree = "<group>";
		};
		8B70D6D9285B976800EC841B /* Model */ = {
			isa = PBXGroup;
			children = (
				8B70D6DA285B977700EC841B /* ShareManager.swift */,
			);
			path = Model;
			sourceTree = "<group>";
		};
		8B70D6DC285B9D9A00EC841B /* Protocols */ = {
			isa = PBXGroup;
			children = (
				8B70D6DD285B9DAE00EC841B /* PresentViewProtocol.swift */,
				8B70D6DF285B9DD400EC841B /* WebViewProtocol.swift */,
				8B70D6E1285B9DF900EC841B /* WebViewPresenterProtocol.swift */,
			);
			path = Protocols;
			sourceTree = "<group>";
		};
		8BC6DCCB28573ED10046995E /* Model */ = {
			isa = PBXGroup;
			children = (
				8BC6DCD02857450A0046995E /* Camera */,
			);
			path = Model;
			sourceTree = "<group>";
		};
		8BC6DCCC28573ED90046995E /* Presenter */ = {
			isa = PBXGroup;
			children = (
				8BC6DCD528575D610046995E /* MainPresenter.swift */,
			);
			path = Presenter;
			sourceTree = "<group>";
		};
		8BC6DCCD28573EE10046995E /* View */ = {
			isa = PBXGroup;
			children = (
				8B36E18928572FEA000BD791 /* MainViewController.swift */,
			);
			path = View;
			sourceTree = "<group>";
		};
		8BC6DCCE28573F970046995E /* App */ = {
			isa = PBXGroup;
			children = (
				8B36E18528572FEA000BD791 /* AppDelegate.swift */,
				8B36E18728572FEA000BD791 /* SceneDelegate.swift */,
			);
			path = App;
			sourceTree = "<group>";
		};
		8BC6DCD02857450A0046995E /* Camera */ = {
			isa = PBXGroup;
			children = (
				8BC6DCD1285745270046995E /* CameraManager.swift */,
				8BC6DCD328574FD10046995E /* QrHandler.swift */,
			);
			path = Camera;
			sourceTree = "<group>";
		};
		8BC6DCD7285782830046995E /* MainModule */ = {
			isa = PBXGroup;
			children = (
				8BF2167B2857C12A00B4ADE0 /* Protocols */,
				8BC6DCCB28573ED10046995E /* Model */,
				8BC6DCCD28573EE10046995E /* View */,
				8BC6DCCC28573ED90046995E /* Presenter */,
			);
			path = MainModule;
			sourceTree = "<group>";
		};
		8BF216742857A1F800B4ADE0 /* Extensions */ = {
			isa = PBXGroup;
			children = (
				8BF216752857A21700B4ADE0 /* UIView+Ext.swift */,
				8BF216772857A34400B4ADE0 /* UILabel+Ext.swift */,
				8BF216792857BB9200B4ADE0 /* UIImageView+Ext.swift */,
			);
			path = Extensions;
			sourceTree = "<group>";
		};
		8BF2167B2857C12A00B4ADE0 /* Protocols */ = {
			isa = PBXGroup;
			children = (
				8BF2167C2857C13A00B4ADE0 /* UpdateValueProtocol.swift */,
				8BF2167E2857C17500B4ADE0 /* MainViewPresenterProtocol.swift */,
				8BF216802857C18900B4ADE0 /* MainViewProtocol.swift */,
			);
			path = Protocols;
			sourceTree = "<group>";
		};
		8BF216822858FF3200B4ADE0 /* WebModule */ = {
			isa = PBXGroup;
			children = (
				8B70D6DC285B9D9A00EC841B /* Protocols */,
				8B70D6D9285B976800EC841B /* Model */,
				8BF216882859B25400B4ADE0 /* View */,
				8BF216832859AFDA00B4ADE0 /* Presenter */,
			);
			path = WebModule;
			sourceTree = "<group>";
		};
		8BF216832859AFDA00B4ADE0 /* Presenter */ = {
			isa = PBXGroup;
			children = (
				8BF216842859AFF500B4ADE0 /* WebPresenter.swift */,
			);
			path = Presenter;
			sourceTree = "<group>";
		};
		8BF216882859B25400B4ADE0 /* View */ = {
			isa = PBXGroup;
			children = (
				8BF216862859B24A00B4ADE0 /* WebViewController.swift */,
			);
			path = View;
			sourceTree = "<group>";
		};
/* End PBXGroup section */

/* Begin PBXNativeTarget section */
		8B36E18128572FEA000BD791 /* QRScanner */ = {
			isa = PBXNativeTarget;
			buildConfigurationList = 8B36E19628572FEB000BD791 /* Build configuration list for PBXNativeTarget "QRScanner" */;
			buildPhases = (
				8B36E17E28572FEA000BD791 /* Sources */,
				8B36E17F28572FEA000BD791 /* Frameworks */,
				8B36E18028572FEA000BD791 /* Resources */,
			);
			buildRules = (
			);
			dependencies = (
			);
			name = QRScanner;
			productName = QRScanner;
			productReference = 8B36E18228572FEA000BD791 /* QRScanner.app */;
			productType = "com.apple.product-type.application";
		};
/* End PBXNativeTarget section */

/* Begin PBXProject section */
		8B36E17A28572FEA000BD791 /* Project object */ = {
			isa = PBXProject;
			attributes = {
				BuildIndependentTargetsInParallel = 1;
				LastSwiftUpdateCheck = 1340;
				LastUpgradeCheck = 1340;
				TargetAttributes = {
					8B36E18128572FEA000BD791 = {
						CreatedOnToolsVersion = 13.4.1;
					};
				};
			};
			buildConfigurationList = 8B36E17D28572FEA000BD791 /* Build configuration list for PBXProject "QRScanner" */;
			compatibilityVersion = "Xcode 13.0";
			developmentRegion = en;
			hasScannedForEncodings = 0;
			knownRegions = (
				en,
				Base,
			);
			mainGroup = 8B36E17928572FEA000BD791;
			productRefGroup = 8B36E18328572FEA000BD791 /* Products */;
			projectDirPath = "";
			projectRoot = "";
			targets = (
				8B36E18128572FEA000BD791 /* QRScanner */,
			);
		};
/* End PBXProject section */

/* Begin PBXResourcesBuildPhase section */
		8B36E18028572FEA000BD791 /* Resources */ = {
			isa = PBXResourcesBuildPhase;
			buildActionMask = 2147483647;
			files = (
				8B36E19228572FEB000BD791 /* LaunchScreen.storyboard in Resources */,
				8B36E18F28572FEB000BD791 /* Assets.xcassets in Resources */,
			);
			runOnlyForDeploymentPostprocessing = 0;
		};
/* End PBXResourcesBuildPhase section */

/* Begin PBXSourcesBuildPhase section */
		8B36E17E28572FEA000BD791 /* Sources */ = {
			isa = PBXSourcesBuildPhase;
			buildActionMask = 2147483647;
			files = (
				8BF216762857A21700B4ADE0 /* UIView+Ext.swift in Sources */,
				8B70D6E2285B9DF900EC841B /* WebViewPresenterProtocol.swift in Sources */,
				8B70D6E0285B9DD400EC841B /* WebViewProtocol.swift in Sources */,
				8BF216852859AFF500B4ADE0 /* WebPresenter.swift in Sources */,
				8BF2167D2857C13A00B4ADE0 /* UpdateValueProtocol.swift in Sources */,
				8BF216782857A34400B4ADE0 /* UILabel+Ext.swift in Sources */,
				8BC6DCD428574FD10046995E /* QrHandler.swift in Sources */,
				8BF2167F2857C17500B4ADE0 /* MainViewPresenterProtocol.swift in Sources */,
				8B36E18A28572FEA000BD791 /* MainViewController.swift in Sources */,
				8BC6DCD9285782FB0046995E /* ModuleBuilder.swift in Sources */,
				8B70D6DE285B9DAE00EC841B /* PresentViewProtocol.swift in Sources */,
				8B36E18628572FEA000BD791 /* AppDelegate.swift in Sources */,
				8BF2167A2857BB9200B4ADE0 /* UIImageView+Ext.swift in Sources */,
				8BF216812857C18900B4ADE0 /* MainViewProtocol.swift in Sources */,
				8B70D6DB285B977700EC841B /* ShareManager.swift in Sources */,
				8BC6DCD628575D610046995E /* MainPresenter.swift in Sources */,
				8BC6DCD2285745270046995E /* CameraManager.swift in Sources */,
				8BF216872859B24A00B4ADE0 /* WebViewController.swift in Sources */,
				8B36E18828572FEA000BD791 /* SceneDelegate.swift in Sources */,
			);
			runOnlyForDeploymentPostprocessing = 0;
		};
/* End PBXSourcesBuildPhase section */

/* Begin PBXVariantGroup section */
		8B36E19028572FEB000BD791 /* LaunchScreen.storyboard */ = {
			isa = PBXVariantGroup;
			children = (
				8B36E19128572FEB000BD791 /* Base */,
			);
			name = LaunchScreen.storyboard;
			sourceTree = "<group>";
		};
/* End PBXVariantGroup section */

/* Begin XCBuildConfiguration section */
		8B36E19428572FEB000BD791 /* Debug */ = {
			isa = XCBuildConfiguration;
			buildSettings = {
				ALWAYS_SEARCH_USER_PATHS = NO;
				CLANG_ANALYZER_NONNULL = YES;
				CLANG_ANALYZER_NUMBER_OBJECT_CONVERSION = YES_AGGRESSIVE;
				CLANG_CXX_LANGUAGE_STANDARD = "gnu++17";
				CLANG_ENABLE_MODULES = YES;
				CLANG_ENABLE_OBJC_ARC = YES;
				CLANG_ENABLE_OBJC_WEAK = YES;
				CLANG_WARN_BLOCK_CAPTURE_AUTORELEASING = YES;
				CLANG_WARN_BOOL_CONVERSION = YES;
				CLANG_WARN_COMMA = YES;
				CLANG_WARN_CONSTANT_CONVERSION = YES;
				CLANG_WARN_DEPRECATED_OBJC_IMPLEMENTATIONS = YES;
				CLANG_WARN_DIRECT_OBJC_ISA_USAGE = YES_ERROR;
				CLANG_WARN_DOCUMENTATION_COMMENTS = YES;
				CLANG_WARN_EMPTY_BODY = YES;
				CLANG_WARN_ENUM_CONVERSION = YES;
				CLANG_WARN_INFINITE_RECURSION = YES;
				CLANG_WARN_INT_CONVERSION = YES;
				CLANG_WARN_NON_LITERAL_NULL_CONVERSION = YES;
				CLANG_WARN_OBJC_IMPLICIT_RETAIN_SELF = YES;
				CLANG_WARN_OBJC_LITERAL_CONVERSION = YES;
				CLANG_WARN_OBJC_ROOT_CLASS = YES_ERROR;
				CLANG_WARN_QUOTED_INCLUDE_IN_FRAMEWORK_HEADER = YES;
				CLANG_WARN_RANGE_LOOP_ANALYSIS = YES;
				CLANG_WARN_STRICT_PROTOTYPES = YES;
				CLANG_WARN_SUSPICIOUS_MOVE = YES;
				CLANG_WARN_UNGUARDED_AVAILABILITY = YES_AGGRESSIVE;
				CLANG_WARN_UNREACHABLE_CODE = YES;
				CLANG_WARN__DUPLICATE_METHOD_MATCH = YES;
				COPY_PHASE_STRIP = NO;
				DEBUG_INFORMATION_FORMAT = dwarf;
				ENABLE_STRICT_OBJC_MSGSEND = YES;
				ENABLE_TESTABILITY = YES;
				GCC_C_LANGUAGE_STANDARD = gnu11;
				GCC_DYNAMIC_NO_PIC = NO;
				GCC_NO_COMMON_BLOCKS = YES;
				GCC_OPTIMIZATION_LEVEL = 0;
				GCC_PREPROCESSOR_DEFINITIONS = (
					"DEBUG=1",
					"$(inherited)",
				);
				GCC_WARN_64_TO_32_BIT_CONVERSION = YES;
				GCC_WARN_ABOUT_RETURN_TYPE = YES_ERROR;
				GCC_WARN_UNDECLARED_SELECTOR = YES;
				GCC_WARN_UNINITIALIZED_AUTOS = YES_AGGRESSIVE;
				GCC_WARN_UNUSED_FUNCTION = YES;
				GCC_WARN_UNUSED_VARIABLE = YES;
				IPHONEOS_DEPLOYMENT_TARGET = 15.5;
				MTL_ENABLE_DEBUG_INFO = INCLUDE_SOURCE;
				MTL_FAST_MATH = YES;
				ONLY_ACTIVE_ARCH = YES;
				SDKROOT = iphoneos;
				SWIFT_ACTIVE_COMPILATION_CONDITIONS = DEBUG;
				SWIFT_OPTIMIZATION_LEVEL = "-Onone";
			};
			name = Debug;
		};
		8B36E19528572FEB000BD791 /* Release */ = {
			isa = XCBuildConfiguration;
			buildSettings = {
				ALWAYS_SEARCH_USER_PATHS = NO;
				CLANG_ANALYZER_NONNULL = YES;
				CLANG_ANALYZER_NUMBER_OBJECT_CONVERSION = YES_AGGRESSIVE;
				CLANG_CXX_LANGUAGE_STANDARD = "gnu++17";
				CLANG_ENABLE_MODULES = YES;
				CLANG_ENABLE_OBJC_ARC = YES;
				CLANG_ENABLE_OBJC_WEAK = YES;
				CLANG_WARN_BLOCK_CAPTURE_AUTORELEASING = YES;
				CLANG_WARN_BOOL_CONVERSION = YES;
				CLANG_WARN_COMMA = YES;
				CLANG_WARN_CONSTANT_CONVERSION = YES;
				CLANG_WARN_DEPRECATED_OBJC_IMPLEMENTATIONS = YES;
				CLANG_WARN_DIRECT_OBJC_ISA_USAGE = YES_ERROR;
				CLANG_WARN_DOCUMENTATION_COMMENTS = YES;
				CLANG_WARN_EMPTY_BODY = YES;
				CLANG_WARN_ENUM_CONVERSION = YES;
				CLANG_WARN_INFINITE_RECURSION = YES;
				CLANG_WARN_INT_CONVERSION = YES;
				CLANG_WARN_NON_LITERAL_NULL_CONVERSION = YES;
				CLANG_WARN_OBJC_IMPLICIT_RETAIN_SELF = YES;
				CLANG_WARN_OBJC_LITERAL_CONVERSION = YES;
				CLANG_WARN_OBJC_ROOT_CLASS = YES_ERROR;
				CLANG_WARN_QUOTED_INCLUDE_IN_FRAMEWORK_HEADER = YES;
				CLANG_WARN_RANGE_LOOP_ANALYSIS = YES;
				CLANG_WARN_STRICT_PROTOTYPES = YES;
				CLANG_WARN_SUSPICIOUS_MOVE = YES;
				CLANG_WARN_UNGUARDED_AVAILABILITY = YES_AGGRESSIVE;
				CLANG_WARN_UNREACHABLE_CODE = YES;
				CLANG_WARN__DUPLICATE_METHOD_MATCH = YES;
				COPY_PHASE_STRIP = NO;
				DEBUG_INFORMATION_FORMAT = "dwarf-with-dsym";
				ENABLE_NS_ASSERTIONS = NO;
				ENABLE_STRICT_OBJC_MSGSEND = YES;
				GCC_C_LANGUAGE_STANDARD = gnu11;
				GCC_NO_COMMON_BLOCKS = YES;
				GCC_WARN_64_TO_32_BIT_CONVERSION = YES;
				GCC_WARN_ABOUT_RETURN_TYPE = YES_ERROR;
				GCC_WARN_UNDECLARED_SELECTOR = YES;
				GCC_WARN_UNINITIALIZED_AUTOS = YES_AGGRESSIVE;
				GCC_WARN_UNUSED_FUNCTION = YES;
				GCC_WARN_UNUSED_VARIABLE = YES;
				IPHONEOS_DEPLOYMENT_TARGET = 15.5;
				MTL_ENABLE_DEBUG_INFO = NO;
				MTL_FAST_MATH = YES;
				SDKROOT = iphoneos;
				SWIFT_COMPILATION_MODE = wholemodule;
				SWIFT_OPTIMIZATION_LEVEL = "-O";
				VALIDATE_PRODUCT = YES;
			};
			name = Release;
		};
		8B36E19728572FEB000BD791 /* Debug */ = {
			isa = XCBuildConfiguration;
			buildSettings = {
				ASSETCATALOG_COMPILER_APPICON_NAME = AppIcon;
				ASSETCATALOG_COMPILER_GLOBAL_ACCENT_COLOR_NAME = AccentColor;
				CODE_SIGN_STYLE = Automatic;
				CURRENT_PROJECT_VERSION = 1;
				DEVELOPMENT_TEAM = WBW8CNKU89;
				GENERATE_INFOPLIST_FILE = YES;
				INFOPLIST_FILE = QRScanner/Info.plist;
				INFOPLIST_KEY_NSCameraUsageDescription = "";
				INFOPLIST_KEY_UIApplicationSupportsIndirectInputEvents = YES;
				INFOPLIST_KEY_UILaunchStoryboardName = LaunchScreen;
				INFOPLIST_KEY_UISupportedInterfaceOrientations_iPad = "UIInterfaceOrientationPortrait UIInterfaceOrientationPortraitUpsideDown UIInterfaceOrientationLandscapeLeft UIInterfaceOrientationLandscapeRight";
				INFOPLIST_KEY_UISupportedInterfaceOrientations_iPhone = "UIInterfaceOrientationPortrait UIInterfaceOrientationLandscapeLeft UIInterfaceOrientationLandscapeRight";
				LD_RUNPATH_SEARCH_PATHS = (
					"$(inherited)",
					"@executable_path/Frameworks",
				);
				MARKETING_VERSION = 1.0;
				PRODUCT_BUNDLE_IDENTIFIER = com.aganov.QRScanner;
				PRODUCT_NAME = "$(TARGET_NAME)";
				SWIFT_EMIT_LOC_STRINGS = YES;
				SWIFT_VERSION = 5.0;
				TARGETED_DEVICE_FAMILY = 1;
			};
			name = Debug;
		};
		8B36E19828572FEB000BD791 /* Release */ = {
			isa = XCBuildConfiguration;
			buildSettings = {
				ASSETCATALOG_COMPILER_APPICON_NAME = AppIcon;
				ASSETCATALOG_COMPILER_GLOBAL_ACCENT_COLOR_NAME = AccentColor;
				CODE_SIGN_STYLE = Automatic;
				CURRENT_PROJECT_VERSION = 1;
				DEVELOPMENT_TEAM = WBW8CNKU89;
				GENERATE_INFOPLIST_FILE = YES;
				INFOPLIST_FILE = QRScanner/Info.plist;
				INFOPLIST_KEY_NSCameraUsageDescription = "";
				INFOPLIST_KEY_UIApplicationSupportsIndirectInputEvents = YES;
				INFOPLIST_KEY_UILaunchStoryboardName = LaunchScreen;
				INFOPLIST_KEY_UISupportedInterfaceOrientations_iPad = "UIInterfaceOrientationPortrait UIInterfaceOrientationPortraitUpsideDown UIInterfaceOrientationLandscapeLeft UIInterfaceOrientationLandscapeRight";
				INFOPLIST_KEY_UISupportedInterfaceOrientations_iPhone = "UIInterfaceOrientationPortrait UIInterfaceOrientationLandscapeLeft UIInterfaceOrientationLandscapeRight";
				LD_RUNPATH_SEARCH_PATHS = (
					"$(inherited)",
					"@executable_path/Frameworks",
				);
				MARKETING_VERSION = 1.0;
				PRODUCT_BUNDLE_IDENTIFIER = com.aganov.QRScanner;
				PRODUCT_NAME = "$(TARGET_NAME)";
				SWIFT_EMIT_LOC_STRINGS = YES;
				SWIFT_VERSION = 5.0;
				TARGETED_DEVICE_FAMILY = 1;
			};
			name = Release;
		};
/* End XCBuildConfiguration section */

/* Begin XCConfigurationList section */
		8B36E17D28572FEA000BD791 /* Build configuration list for PBXProject "QRScanner" */ = {
			isa = XCConfigurationList;
			buildConfigurations = (
				8B36E19428572FEB000BD791 /* Debug */,
				8B36E19528572FEB000BD791 /* Release */,
			);
			defaultConfigurationIsVisible = 0;
			defaultConfigurationName = Release;
		};
		8B36E19628572FEB000BD791 /* Build configuration list for PBXNativeTarget "QRScanner" */ = {
			isa = XCConfigurationList;
			buildConfigurations = (
				8B36E19728572FEB000BD791 /* Debug */,
				8B36E19828572FEB000BD791 /* Release */,
			);
			defaultConfigurationIsVisible = 0;
			defaultConfigurationName = Release;
		};
/* End XCConfigurationList section */
	};
	rootObject = 8B36E17A28572FEA000BD791 /* Project object */;
}
